// !$*UTF8*$!
{
	archiveVersion = 1;
	classes = {
	};
	objectVersion = 46;
	objects = {

/* Begin PBXBuildFile section */
		94E5EAFD1CE15CBD00B7E9EC /* HandleForms.h in Headers */ = {isa = PBXBuildFile; fileRef = 94E5EAFC1CE15CBD00B7E9EC /* HandleForms.h */; settings = {ATTRIBUTES = (Public, ); }; };
		94E5EB051CE15CC700B7E9EC /* PerfectLib.framework in Frameworks */ = {isa = PBXBuildFile; fileRef = 94E5EB041CE15CC700B7E9EC /* PerfectLib.framework */; };
		94E5EB071CE15D1800B7E9EC /* FormHandler.swift in Sources */ = {isa = PBXBuildFile; fileRef = 94E5EB061CE15D1800B7E9EC /* FormHandler.swift */; };
		94E5EB091CE15D2D00B7E9EC /* index.mustache in Resources */ = {isa = PBXBuildFile; fileRef = 94E5EB081CE15D2D00B7E9EC /* index.mustache */; };
		94E5EB0B1CE15D6500B7E9EC /* index.mustache in CopyFiles */ = {isa = PBXBuildFile; fileRef = 94E5EB081CE15D2D00B7E9EC /* index.mustache */; };
/* End PBXBuildFile section */

/* Begin PBXCopyFilesBuildPhase section */
		94E5EB0A1CE15D4F00B7E9EC /* CopyFiles */ = {
			isa = PBXCopyFilesBuildPhase;
			buildActionMask = 2147483647;
			dstPath = webroot;
			dstSubfolderSpec = 16;
			files = (
				94E5EB0B1CE15D6500B7E9EC /* index.mustache in CopyFiles */,
			);
			runOnlyForDeploymentPostprocessing = 0;
		};
/* End PBXCopyFilesBuildPhase section */

/* Begin PBXFileReference section */
		94E5EAF91CE15CBD00B7E9EC /* HandleForms.framework */ = {isa = PBXFileReference; explicitFileType = wrapper.framework; includeInIndex = 0; path = HandleForms.framework; sourceTree = BUILT_PRODUCTS_DIR; };
		94E5EAFC1CE15CBD00B7E9EC /* HandleForms.h */ = {isa = PBXFileReference; lastKnownFileType = sourcecode.c.h; path = HandleForms.h; sourceTree = "<group>"; };
		94E5EAFE1CE15CBD00B7E9EC /* Info.plist */ = {isa = PBXFileReference; lastKnownFileType = text.plist.xml; path = Info.plist; sourceTree = "<group>"; };
		94E5EB041CE15CC700B7E9EC /* PerfectLib.framework */ = {isa = PBXFileReference; lastKnownFileType = wrapper.framework; name = PerfectLib.framework; path = "../../Perfect-1.0.0/PerfectLib/build/Debug/PerfectLib.framework"; sourceTree = "<group>"; };
		94E5EB061CE15D1800B7E9EC /* FormHandler.swift */ = {isa = PBXFileReference; fileEncoding = 4; lastKnownFileType = sourcecode.swift; path = FormHandler.swift; sourceTree = "<group>"; };
		94E5EB081CE15D2D00B7E9EC /* index.mustache */ = {isa = PBXFileReference; fileEncoding = 4; lastKnownFileType = text; path = index.mustache; sourceTree = "<group>"; };
/* End PBXFileReference section */

/* Begin PBXFrameworksBuildPhase section */
		94E5EAF51CE15CBD00B7E9EC /* Frameworks */ = {
			isa = PBXFrameworksBuildPhase;
			buildActionMask = 2147483647;
			files = (
				94E5EB051CE15CC700B7E9EC /* PerfectLib.framework in Frameworks */,
			);
			runOnlyForDeploymentPostprocessing = 0;
		};
/* End PBXFrameworksBuildPhase section */

/* Begin PBXGroup section */
		94E5EAEF1CE15CBD00B7E9EC = {
			isa = PBXGroup;
			children = (
				94E5EB041CE15CC700B7E9EC /* PerfectLib.framework */,
				94E5EAFB1CE15CBD00B7E9EC /* HandleForms */,
				94E5EAFA1CE15CBD00B7E9EC /* Products */,
			);
			sourceTree = "<group>";
		};
		94E5EAFA1CE15CBD00B7E9EC /* Products */ = {
			isa = PBXGroup;
			children = (
				94E5EAF91CE15CBD00B7E9EC /* HandleForms.framework */,
			);
			name = Products;
			sourceTree = "<group>";
		};
		94E5EAFB1CE15CBD00B7E9EC /* HandleForms */ = {
			isa = PBXGroup;
			children = (
				94E5EAFC1CE15CBD00B7E9EC /* HandleForms.h */,
				94E5EAFE1CE15CBD00B7E9EC /* Info.plist */,
				94E5EB061CE15D1800B7E9EC /* FormHandler.swift */,
				94E5EB081CE15D2D00B7E9EC /* index.mustache */,
			);
			path = HandleForms;
			sourceTree = "<group>";
		};
/* End PBXGroup section */

/* Begin PBXHeadersBuildPhase section */
		94E5EAF61CE15CBD00B7E9EC /* Headers */ = {
			isa = PBXHeadersBuildPhase;
			buildActionMask = 2147483647;
			files = (
				94E5EAFD1CE15CBD00B7E9EC /* HandleForms.h in Headers */,
			);
			runOnlyForDeploymentPostprocessing = 0;
		};
/* End PBXHeadersBuildPhase section */

/* Begin PBXNativeTarget section */
		94E5EAF81CE15CBD00B7E9EC /* HandleForms */ = {
			isa = PBXNativeTarget;
			buildConfigurationList = 94E5EB011CE15CBD00B7E9EC /* Build configuration list for PBXNativeTarget "HandleForms" */;
			buildPhases = (
				94E5EAF41CE15CBD00B7E9EC /* Sources */,
				94E5EAF51CE15CBD00B7E9EC /* Frameworks */,
				94E5EAF61CE15CBD00B7E9EC /* Headers */,
				94E5EAF71CE15CBD00B7E9EC /* Resources */,
				94E5EB0A1CE15D4F00B7E9EC /* CopyFiles */,
			);
			buildRules = (
			);
			dependencies = (
			);
			name = HandleForms;
			productName = HandleForms;
			productReference = 94E5EAF91CE15CBD00B7E9EC /* HandleForms.framework */;
			productType = "com.apple.product-type.framework";
		};
/* End PBXNativeTarget section */

/* Begin PBXProject section */
		94E5EAF01CE15CBD00B7E9EC /* Project object */ = {
			isa = PBXProject;
			attributes = {
				LastUpgradeCheck = 0730;
				ORGANIZATIONNAME = "Ryan Collins";
				TargetAttributes = {
					94E5EAF81CE15CBD00B7E9EC = {
						CreatedOnToolsVersion = 7.3.1;
					};
				};
			};
			buildConfigurationList = 94E5EAF31CE15CBD00B7E9EC /* Build configuration list for PBXProject "HandleForms" */;
			compatibilityVersion = "Xcode 3.2";
			developmentRegion = English;
			hasScannedForEncodings = 0;
			knownRegions = (
				en,
			);
			mainGroup = 94E5EAEF1CE15CBD00B7E9EC;
			productRefGroup = 94E5EAFA1CE15CBD00B7E9EC /* Products */;
			projectDirPath = "";
			projectRoot = "";
			targets = (
				94E5EAF81CE15CBD00B7E9EC /* HandleForms */,
			);
		};
/* End PBXProject section */

/* Begin PBXResourcesBuildPhase section */
		94E5EAF71CE15CBD00B7E9EC /* Resources */ = {
			isa = PBXResourcesBuildPhase;
			buildActionMask = 2147483647;
			files = (
				94E5EB091CE15D2D00B7E9EC /* index.mustache in Resources */,
			);
			runOnlyForDeploymentPostprocessing = 0;
		};
/* End PBXResourcesBuildPhase section */

/* Begin PBXSourcesBuildPhase section */
		94E5EAF41CE15CBD00B7E9EC /* Sources */ = {
			isa = PBXSourcesBuildPhase;
			buildActionMask = 2147483647;
			files = (
				94E5EB071CE15D1800B7E9EC /* FormHandler.swift in Sources */,
			);
			runOnlyForDeploymentPostprocessing = 0;
		};
/* End PBXSourcesBuildPhase section */

/* Begin XCBuildConfiguration section */
		94E5EAFF1CE15CBD00B7E9EC /* Debug */ = {
			isa = XCBuildConfiguration;
			buildSettings = {
				ALWAYS_SEARCH_USER_PATHS = NO;
				CLANG_ANALYZER_NONNULL = YES;
				CLANG_CXX_LANGUAGE_STANDARD = "gnu++0x";
				CLANG_CXX_LIBRARY = "libc++";
				CLANG_ENABLE_MODULES = YES;
				CLANG_ENABLE_OBJC_ARC = YES;
				CLANG_WARN_BOOL_CONVERSION = YES;
				CLANG_WARN_CONSTANT_CONVERSION = YES;
				CLANG_WARN_DIRECT_OBJC_ISA_USAGE = YES_ERROR;
				CLANG_WARN_EMPTY_BODY = YES;
				CLANG_WARN_ENUM_CONVERSION = YES;
				CLANG_WARN_INT_CONVERSION = YES;
				CLANG_WARN_OBJC_ROOT_CLASS = YES_ERROR;
				CLANG_WARN_UNREACHABLE_CODE = YES;
				CLANG_WARN__DUPLICATE_METHOD_MATCH = YES;
				CODE_SIGN_IDENTITY = "-";
				COPY_PHASE_STRIP = NO;
				CURRENT_PROJECT_VERSION = 1;
				DEBUG_INFORMATION_FORMAT = dwarf;
				ENABLE_STRICT_OBJC_MSGSEND = YES;
				ENABLE_TESTABILITY = YES;
				GCC_C_LANGUAGE_STANDARD = gnu99;
				GCC_DYNAMIC_NO_PIC = NO;
				GCC_NO_COMMON_BLOCKS = YES;
				GCC_OPTIMIZATION_LEVEL = 0;
				GCC_PREPROCESSOR_DEFINITIONS = (
					"DEBUG=1",
					"$(inherited)",
				);
				GCC_WARN_64_TO_32_BIT_CONVERSION = YES;
				GCC_WARN_ABOUT_RETURN_TYPE = YES_ERROR;
				GCC_WARN_UNDECLARED_SELECTOR = YES;
				GCC_WARN_UNINITIALIZED_AUTOS = YES_AGGRESSIVE;
				GCC_WARN_UNUSED_FUNCTION = YES;
				GCC_WARN_UNUSED_VARIABLE = YES;
				MACOSX_DEPLOYMENT_TARGET = 10.11;
				MTL_ENABLE_DEBUG_INFO = YES;
				ONLY_ACTIVE_ARCH = YES;
				SDKROOT = macosx;
				SWIFT_OPTIMIZATION_LEVEL = "-Onone";
				VERSIONING_SYSTEM = "apple-generic";
				VERSION_INFO_PREFIX = "";
			};
			name = Debug;
		};
		94E5EB001CE15CBD00B7E9EC /* Release */ = {
			isa = XCBuildConfiguration;
			buildSettings = {
				ALWAYS_SEARCH_USER_PATHS = NO;
				CLANG_ANALYZER_NONNULL = YES;
				CLANG_CXX_LANGUAGE_STANDARD = "gnu++0x";
				CLANG_CXX_LIBRARY = "libc++";
				CLANG_ENABLE_MODULES = YES;
				CLANG_ENABLE_OBJC_ARC = YES;
				CLANG_WARN_BOOL_CONVERSION = YES;
				CLANG_WARN_CONSTANT_CONVERSION = YES;
				CLANG_WARN_DIRECT_OBJC_ISA_USAGE = YES_ERROR;
				CLANG_WARN_EMPTY_BODY = YES;
				CLANG_WARN_ENUM_CONVERSION = YES;
				CLANG_WARN_INT_CONVERSION = YES;
				CLANG_WARN_OBJC_ROOT_CLASS = YES_ERROR;
				CLANG_WARN_UNREACHABLE_CODE = YES;
				CLANG_WARN__DUPLICATE_METHOD_MATCH = YES;
				CODE_SIGN_IDENTITY = "-";
				COPY_PHASE_STRIP = NO;
				CURRENT_PROJECT_VERSION = 1;
				DEBUG_INFORMATION_FORMAT = "dwarf-with-dsym";
				ENABLE_NS_ASSERTIONS = NO;
				ENABLE_STRICT_OBJC_MSGSEND = YES;
				GCC_C_LANGUAGE_STANDARD = gnu99;
				GCC_NO_COMMON_BLOCKS = YES;
				GCC_WARN_64_TO_32_BIT_CONVERSION = YES;
				GCC_WARN_ABOUT_RETURN_TYPE = YES_ERROR;
				GCC_WARN_UNDECLARED_SELECTOR = YES;
				GCC_WARN_UNINITIALIZED_AUTOS = YES_AGGRESSIVE;
				GCC_WARN_UNUSED_FUNCTION = YES;
				GCC_WARN_UNUSED_VARIABLE = YES;
				MACOSX_DEPLOYMENT_TARGET = 10.11;
				MTL_ENABLE_DEBUG_INFO = NO;
				SDKROOT = macosx;
				VERSIONING_SYSTEM = "apple-generic";
				VERSION_INFO_PREFIX = "";
			};
			name = Release;
		};
		94E5EB021CE15CBD00B7E9EC /* Debug */ = {
			isa = XCBuildConfiguration;
			buildSettings = {
				CLANG_ENABLE_MODULES = YES;
				COMBINE_HIDPI_IMAGES = YES;
				DEFINES_MODULE = YES;
				DEPLOYMENT_LOCATION = YES;
				DSTROOT = "$(CONFIGURATION_BUILD_DIR)";
				DYLIB_COMPATIBILITY_VERSION = 1;
				DYLIB_CURRENT_VERSION = 1;
				DYLIB_INSTALL_NAME_BASE = "@rpath";
				FRAMEWORK_VERSION = A;
				INFOPLIST_FILE = HandleForms/Info.plist;
				INSTALL_PATH = /PerfectLibraries;
				LD_RUNPATH_SEARCH_PATHS = "$(inherited) @executable_path/../Frameworks @loader_path/Frameworks";
				PRODUCT_BUNDLE_IDENTIFIER = com.ryanmcollins.HandleForms;
				PRODUCT_NAME = "$(TARGET_NAME)";
				SKIP_INSTALL = NO;
				SWIFT_OPTIMIZATION_LEVEL = "-Onone";
			};
			name = Debug;
		};
		94E5EB031CE15CBD00B7E9EC /* Release */ = {
			isa = XCBuildConfiguration;
			buildSettings = {
				CLANG_ENABLE_MODULES = YES;
				COMBINE_HIDPI_IMAGES = YES;
				DEFINES_MODULE = YES;
				DEPLOYMENT_LOCATION = YES;
				DSTROOT = "$(CONFIGURATION_BUILD_DIR)";
				DYLIB_COMPATIBILITY_VERSION = 1;
				DYLIB_CURRENT_VERSION = 1;
				DYLIB_INSTALL_NAME_BASE = "@rpath";
				FRAMEWORK_VERSION = A;
				INFOPLIST_FILE = HandleForms/Info.plist;
				INSTALL_PATH = /PerfectLibraries;
				LD_RUNPATH_SEARCH_PATHS = "$(inherited) @executable_path/../Frameworks @loader_path/Frameworks";
				PRODUCT_BUNDLE_IDENTIFIER = com.ryanmcollins.HandleForms;
				PRODUCT_NAME = "$(TARGET_NAME)";
				SKIP_INSTALL = NO;
			};
			name = Release;
		};
/* End XCBuildConfiguration section */

/* Begin XCConfigurationList section */
		94E5EAF31CE15CBD00B7E9EC /* Build configuration list for PBXProject "HandleForms" */ = {
			isa = XCConfigurationList;
			buildConfigurations = (
				94E5EAFF1CE15CBD00B7E9EC /* Debug */,
				94E5EB001CE15CBD00B7E9EC /* Release */,
			);
			defaultConfigurationIsVisible = 0;
			defaultConfigurationName = Release;
		};
		94E5EB011CE15CBD00B7E9EC /* Build configuration list for PBXNativeTarget "HandleForms" */ = {
			isa = XCConfigurationList;
			buildConfigurations = (
				94E5EB021CE15CBD00B7E9EC /* Debug */,
				94E5EB031CE15CBD00B7E9EC /* Release */,
			);
			defaultConfigurationIsVisible = 0;
		};
/* End XCConfigurationList section */
	};
	rootObject = 94E5EAF01CE15CBD00B7E9EC /* Project object */;
}
